// !$*UTF8*$!
{
	archiveVersion = 1;
	classes = {
	};
	objectVersion = 42;
	objects = {

/* Begin PBXBuildFile section */
		7FA98545096F1B8600321006 /* QSCore.framework in Frameworks */ = {isa = PBXBuildFile; fileRef = 7FA98543096F1B8600321006 /* QSCore.framework */; };
		7FA98546096F1B8600321006 /* QSFoundation.framework in Frameworks */ = {isa = PBXBuildFile; fileRef = 7FA98544096F1B8600321006 /* QSFoundation.framework */; };
		8D1AC9700486D14A00FE50C9 /* Cocoa.framework in Frameworks */ = {isa = PBXBuildFile; fileRef = DD92D38A0106425D02CA0E72 /* Cocoa.framework */; };
		CDF9828B1590817400FFFA7B /* Transmit.app in Resources */ = {isa = PBXBuildFile; fileRef = CDF9828A1590817400FFFA7B /* Transmit.app */; };
		CDF98295159081F700FFFA7B /* Transmit.app in Sources */ = {isa = PBXBuildFile; fileRef = CDF9828A1590817400FFFA7B /* Transmit.app */; };
		CDF982F61590872800FFFA7B /* ScriptingBridge.framework in Frameworks */ = {isa = PBXBuildFile; fileRef = CDF982F51590872800FFFA7B /* ScriptingBridge.framework */; };
		E188770406A3A42600B75D22 /* QSTransmitModule_Source.m in Sources */ = {isa = PBXBuildFile; fileRef = E191E091068932EF00525DB6 /* QSTransmitModule_Source.m */; };
/* End PBXBuildFile section */

/* Begin PBXBuildRule section */
		CDF982961590820A00FFFA7B /* PBXBuildRule */ = {
			isa = PBXBuildRule;
			compilerSpec = com.apple.compilers.proxy.script;
			filePatterns = "*.app";
			fileType = pattern.proxy;
			isEditable = 1;
			outputFiles = (
				"$(DERIVED_FILES_DIR)/$(INPUT_FILE_BASE).h",
			);
			script = "sdef \"$INPUT_FILE_PATH\" | sdp -fh -o \"$DERIVED_FILES_DIR\" --basename \"$INPUT_FILE_BASE\" --bundleid `defaults read \"$INPUT_FILE_PATH/Contents/Info\" CFBundleIdentifier`";
		};
/* End PBXBuildRule section */

/* Begin PBXFileReference section */
		14D9D0AF10D0FC7F00BEABA0 /* Common.xcconfig */ = {isa = PBXFileReference; fileEncoding = 4; lastKnownFileType = text.xcconfig; path = Common.xcconfig; sourceTree = "<group>"; };
		14D9D0B010D0FC7F00BEABA0 /* Debug.xcconfig */ = {isa = PBXFileReference; fileEncoding = 4; lastKnownFileType = text.xcconfig; path = Debug.xcconfig; sourceTree = "<group>"; };
		14D9D0B110D0FC7F00BEABA0 /* Developer.xcconfig */ = {isa = PBXFileReference; fileEncoding = 4; lastKnownFileType = text.xcconfig; path = Developer.xcconfig; sourceTree = "<group>"; };
		14D9D0B510D0FC7F00BEABA0 /* QSPlugIn.xcconfig */ = {isa = PBXFileReference; fileEncoding = 4; lastKnownFileType = text.xcconfig; path = QSPlugIn.xcconfig; sourceTree = "<group>"; };
		14D9D0B610D0FC7F00BEABA0 /* Release.xcconfig */ = {isa = PBXFileReference; fileEncoding = 4; lastKnownFileType = text.xcconfig; path = Release.xcconfig; sourceTree = "<group>"; };
		7FA98543096F1B8600321006 /* QSCore.framework */ = {isa = PBXFileReference; lastKnownFileType = wrapper.framework; path = QSCore.framework; sourceTree = BUILT_PRODUCTS_DIR; };
		7FA98544096F1B8600321006 /* QSFoundation.framework */ = {isa = PBXFileReference; lastKnownFileType = wrapper.framework; path = QSFoundation.framework; sourceTree = BUILT_PRODUCTS_DIR; };
		8D1AC9730486D14A00FE50C9 /* Info.plist */ = {isa = PBXFileReference; fileEncoding = 4; lastKnownFileType = text.plist; path = Info.plist; sourceTree = "<group>"; };
		8D1AC9740486D14A00FE50C9 /* Transmit Plugin.qsplugin */ = {isa = PBXFileReference; explicitFileType = wrapper.cfbundle; includeInIndex = 0; path = "Transmit Plugin.qsplugin"; sourceTree = BUILT_PRODUCTS_DIR; };
		8D1AC97B0486D23100FE50C9 /* English */ = {isa = PBXFileReference; fileEncoding = 10; lastKnownFileType = text.plist.strings; name = English; path = English.lproj/InfoPlist.strings; sourceTree = "<group>"; };
		CDF9828A1590817400FFFA7B /* Transmit.app */ = {isa = PBXFileReference; lastKnownFileType = wrapper.application; name = Transmit.app; path = /Applications/Transmit.app; sourceTree = "<absolute>"; };
		CDF982F51590872800FFFA7B /* ScriptingBridge.framework */ = {isa = PBXFileReference; lastKnownFileType = wrapper.framework; name = ScriptingBridge.framework; path = System/Library/Frameworks/ScriptingBridge.framework; sourceTree = SDKROOT; };
		DD92D38A0106425D02CA0E72 /* Cocoa.framework */ = {isa = PBXFileReference; lastKnownFileType = wrapper.framework; name = Cocoa.framework; path = /System/Library/Frameworks/Cocoa.framework; sourceTree = "<absolute>"; };
		E191E090068932EF00525DB6 /* QSTransmitModule_Source.h */ = {isa = PBXFileReference; fileEncoding = 30; lastKnownFileType = sourcecode.c.h; path = QSTransmitModule_Source.h; sourceTree = "<group>"; };
		E191E091068932EF00525DB6 /* QSTransmitModule_Source.m */ = {isa = PBXFileReference; fileEncoding = 30; lastKnownFileType = sourcecode.c.objc; path = QSTransmitModule_Source.m; sourceTree = "<group>"; };
/* End PBXFileReference section */

/* Begin PBXFrameworksBuildPhase section */
		8D1AC96E0486D14A00FE50C9 /* Frameworks */ = {
			isa = PBXFrameworksBuildPhase;
			buildActionMask = 2147483647;
			files = (
				CDF982F61590872800FFFA7B /* ScriptingBridge.framework in Frameworks */,
				8D1AC9700486D14A00FE50C9 /* Cocoa.framework in Frameworks */,
				7FA98545096F1B8600321006 /* QSCore.framework in Frameworks */,
				7FA98546096F1B8600321006 /* QSFoundation.framework in Frameworks */,
			);
			runOnlyForDeploymentPostprocessing = 0;
		};
/* End PBXFrameworksBuildPhase section */

/* Begin PBXGroup section */
		0259C574FE90428111CA0C5A /* QSTransmitModule */ = {
			isa = PBXGroup;
			children = (
				CDF9828A1590817400FFFA7B /* Transmit.app */,
				14D9D0AC10D0FC6A00BEABA0 /* Configuration */,
				32DBCF9E0370C38000C91783 /* Classes */,
				0259C582FE90428111CA0C5A /* Resources */,
				1ED78706FE9D4A0611CA0C5A /* Products */,
				2E58F364FFB232C311CA0CBA /* Frameworks */,
			);
			name = QSTransmitModule;
			sourceTree = "<group>";
		};
		0259C582FE90428111CA0C5A /* Resources */ = {
			isa = PBXGroup;
			children = (
				8D1AC9730486D14A00FE50C9 /* Info.plist */,
				8D1AC97F0486D23B00FE50C9 /* InfoPlist.strings */,
			);
			name = Resources;
			sourceTree = "<group>";
		};
		14D9D0AC10D0FC6A00BEABA0 /* Configuration */ = {
			isa = PBXGroup;
			children = (
				14D9D0AF10D0FC7F00BEABA0 /* Common.xcconfig */,
				14D9D0B010D0FC7F00BEABA0 /* Debug.xcconfig */,
				14D9D0B110D0FC7F00BEABA0 /* Developer.xcconfig */,
				14D9D0B510D0FC7F00BEABA0 /* QSPlugIn.xcconfig */,
				14D9D0B610D0FC7F00BEABA0 /* Release.xcconfig */,
			);
			name = Configuration;
			path = /private/tmp/QS/Configuration;
			sourceTree = "<absolute>";
		};
		1ED78706FE9D4A0611CA0C5A /* Products */ = {
			isa = PBXGroup;
			children = (
				8D1AC9740486D14A00FE50C9 /* Transmit Plugin.qsplugin */,
			);
			name = Products;
			sourceTree = "<group>";
		};
		2E58F364FFB232C311CA0CBA /* Frameworks */ = {
			isa = PBXGroup;
			children = (
				CDF982F51590872800FFFA7B /* ScriptingBridge.framework */,
				7FA98543096F1B8600321006 /* QSCore.framework */,
				7FA98544096F1B8600321006 /* QSFoundation.framework */,
				DD92D38A0106425D02CA0E72 /* Cocoa.framework */,
			);
			name = Frameworks;
			sourceTree = "<group>";
		};
		32DBCF9E0370C38000C91783 /* Classes */ = {
			isa = PBXGroup;
			children = (
				E191E090068932EF00525DB6 /* QSTransmitModule_Source.h */,
				E191E091068932EF00525DB6 /* QSTransmitModule_Source.m */,
			);
			name = Classes;
			sourceTree = "<group>";
		};
/* End PBXGroup section */

/* Begin PBXNativeTarget section */
		8D1AC9600486D14A00FE50C9 /* Transmit Plugin */ = {
			isa = PBXNativeTarget;
			buildConfigurationList = 7FFF2593085E488700266176 /* Build configuration list for PBXNativeTarget "Transmit Plugin" */;
			buildPhases = (
				E1B9F2A907A2020B00B4017B /* Update Version and Documentation */,
				8D1AC9660486D14A00FE50C9 /* Resources */,
				8D1AC96A0486D14A00FE50C9 /* Sources */,
				8D1AC96E0486D14A00FE50C9 /* Frameworks */,
			);
			buildRules = (
				CDF982961590820A00FFFA7B /* PBXBuildRule */,
			);
			dependencies = (
			);
			name = "Transmit Plugin";
			productInstallPath = "$(HOME)/Developer/Palettes";
			productName = QSTransmitModule;
			productReference = 8D1AC9740486D14A00FE50C9 /* Transmit Plugin.qsplugin */;
			productType = "com.apple.product-type.bundle";
		};
/* End PBXNativeTarget section */

/* Begin PBXProject section */
		0259C573FE90428111CA0C5A /* Project object */ = {
			isa = PBXProject;
			buildConfigurationList = 7FFF2597085E488700266176 /* Build configuration list for PBXProject "QSTransmitModule" */;
			compatibilityVersion = "Xcode 2.4";
			developmentRegion = English;
			hasScannedForEncodings = 1;
			knownRegions = (
				English,
				Japanese,
				French,
				German,
			);
			mainGroup = 0259C574FE90428111CA0C5A /* QSTransmitModule */;
			projectDirPath = "";
			projectRoot = "";
			targets = (
				8D1AC9600486D14A00FE50C9 /* Transmit Plugin */,
			);
		};
/* End PBXProject section */

/* Begin PBXResourcesBuildPhase section */
		8D1AC9660486D14A00FE50C9 /* Resources */ = {
			isa = PBXResourcesBuildPhase;
			buildActionMask = 2147483647;
			files = (
				CDF9828B1590817400FFFA7B /* Transmit.app in Resources */,
			);
			runOnlyForDeploymentPostprocessing = 0;
		};
/* End PBXResourcesBuildPhase section */

/* Begin PBXShellScriptBuildPhase section */
		E1B9F2A907A2020B00B4017B /* Update Version and Documentation */ = {
			isa = PBXShellScriptBuildPhase;
			buildActionMask = 8;
			files = (
			);
			inputPaths = (
			);
			name = "Update Version and Documentation";
			outputPaths = (
			);
			runOnlyForDeploymentPostprocessing = 1;
			shellPath = /bin/sh;
			shellScript = "\"$QS_BUILD_ROOT/Tools/bltrversion\"";
		};
/* End PBXShellScriptBuildPhase section */

/* Begin PBXSourcesBuildPhase section */
		8D1AC96A0486D14A00FE50C9 /* Sources */ = {
			isa = PBXSourcesBuildPhase;
			buildActionMask = 2147483647;
			files = (
				CDF98295159081F700FFFA7B /* Transmit.app in Sources */,
				E188770406A3A42600B75D22 /* QSTransmitModule_Source.m in Sources */,
			);
			runOnlyForDeploymentPostprocessing = 0;
		};
/* End PBXSourcesBuildPhase section */

/* Begin PBXVariantGroup section */
		8D1AC97F0486D23B00FE50C9 /* InfoPlist.strings */ = {
			isa = PBXVariantGroup;
			children = (
				8D1AC97B0486D23100FE50C9 /* English */,
			);
			name = InfoPlist.strings;
			sourceTree = "<group>";
		};
/* End PBXVariantGroup section */

/* Begin XCBuildConfiguration section */
		7FFF2594085E488700266176 /* Debug */ = {
			isa = XCBuildConfiguration;
			baseConfigurationReference = 14D9D0B510D0FC7F00BEABA0 /* QSPlugIn.xcconfig */;
			buildSettings = {
				OTHER_LDFLAGS = "-bundle";
				PRODUCT_NAME = "Transmit Plugin";
			};
			name = Debug;
		};
		7FFF2595085E488700266176 /* Release */ = {
			isa = XCBuildConfiguration;
			baseConfigurationReference = 14D9D0B510D0FC7F00BEABA0 /* QSPlugIn.xcconfig */;
			buildSettings = {
				OTHER_LDFLAGS = "-bundle";
				PRODUCT_NAME = "Transmit Plugin";
			};
			name = Release;
		};
		7FFF2598085E488700266176 /* Debug */ = {
			isa = XCBuildConfiguration;
			baseConfigurationReference = 14D9D0B010D0FC7F00BEABA0 /* Debug.xcconfig */;
			buildSettings = {
			};
			name = Debug;
		};
		7FFF2599085E488700266176 /* Release */ = {
			isa = XCBuildConfiguration;
			baseConfigurationReference = 14D9D0B610D0FC7F00BEABA0 /* Release.xcconfig */;
			buildSettings = {
			};
			name = Release;
		};
/* End XCBuildConfiguration section */

/* Begin XCConfigurationList section */
		7FFF2593085E488700266176 /* Build configuration list for PBXNativeTarget "Transmit Plugin" */ = {
			isa = XCConfigurationList;
			buildConfigurations = (
				7FFF2594085E488700266176 /* Debug */,
				7FFF2595085E488700266176 /* Release */,
			);
			defaultConfigurationIsVisible = 0;
			defaultConfigurationName = Debug;
		};
		7FFF2597085E488700266176 /* Build configuration list for PBXProject "QSTransmitModule" */ = {
			isa = XCConfigurationList;
			buildConfigurations = (
				7FFF2598085E488700266176 /* Debug */,
				7FFF2599085E488700266176 /* Release */,
			);
			defaultConfigurationIsVisible = 0;
			defaultConfigurationName = Debug;
		};
/* End XCConfigurationList section */
	};
	rootObject = 0259C573FE90428111CA0C5A /* Project object */;
}
